
Microsoft Visual Studio Solution File, Format Version 12.00
# Visual Studio Version 17
VisualStudioVersion = 17.5.002.0
MinimumVisualStudioVersion = 10.0.40219.1
Project("{9A19103F-16F7-4668-BE54-9A1E7A4F7556}") = "EditorHtml", "EditorHtml.csproj", "{F1F7138A-F7D4-4DCB-8271-EEE5B0FDD559}"
EndProject
Global
	GlobalSection(SolutionConfigurationPlatforms) = preSolution
		Debug|Any CPU = Debug|Any CPU
		Release|Any CPU = Release|Any CPU
	EndGlobalSection
	GlobalSection(ProjectConfigurationPlatforms) = postSolution
		{F1F7138A-F7D4-4DCB-8271-EEE5B0FDD559}.Debug|Any CPU.ActiveCfg = Debug|Any CPU
		{F1F7138A-F7D4-4DCB-8271-EEE5B0FDD559}.Debug|Any CPU.Build.0 = Debug|Any CPU
		{F1F7138A-F7D4-4DCB-8271-EEE5B0FDD559}.Release|Any CPU.ActiveCfg = Release|Any CPU
		{F1F7138A-F7D4-4DCB-8271-EEE5B0FDD559}.Release|Any CPU.Build.0 = Release|Any CPU
	EndGlobalSection
	GlobalSection(SolutionProperties) = preSolution
		HideSolutionNode = FALSE
	EndGlobalSection
	GlobalSection(ExtensibilityGlobals) = postSolution
		SolutionGuid = {591BF015-1065-43A7-B8C4-62F1B3994421}
	EndGlobalSection
EndGlobal
